{
  "requires": true,
  "lockfileVersion": 1,
  "dependencies": {
    "serverless-log-forwarding": {
      "version": "1.4.0",
      "resolved": "https://registry.npmjs.org/serverless-log-forwarding/-/serverless-log-forwarding-1.4.0.tgz",
      "integrity": "sha512-+LBfP1JmDM+MIWVlFJ6JMU6c/TIL7Ukh75aWe32/a7k65032DrjCb/ZVkN+C7ncEP2o8d3FVf1iSerywaU/jeQ==",
      "requires": {
        "underscore": "^1.8.3"
      }
    },
    "underscore": {
      "version": "1.13.2",
      "resolved": "https://registry.npmjs.org/underscore/-/underscore-1.13.2.tgz",
      "integrity": "sha512-ekY1NhRzq0B08g4bGuX4wd2jZx5GnKz6mKSqFL4nqBlfyMGiG10gDFhDTMEfYmDL6Jy0FUIZp7wiRB+0BP7J2g=="
    }
  }
}
